// !$*UTF8*$!
{
	archiveVersion = 1;
	classes = {
	};
	objectVersion = 46;
	objects = {

/* Begin PBXBuildFile section */
		C96334341E21B77600583CE1 /* AppDelegate.swift in Sources */ = {isa = PBXBuildFile; fileRef = C96334331E21B77600583CE1 /* AppDelegate.swift */; };
		C96334391E21B77600583CE1 /* Main.storyboard in Resources */ = {isa = PBXBuildFile; fileRef = C96334371E21B77600583CE1 /* Main.storyboard */; };
		C963343B1E21B77600583CE1 /* Assets.xcassets in Resources */ = {isa = PBXBuildFile; fileRef = C963343A1E21B77600583CE1 /* Assets.xcassets */; };
		C963343E1E21B77600583CE1 /* LaunchScreen.storyboard in Resources */ = {isa = PBXBuildFile; fileRef = C963343C1E21B77600583CE1 /* LaunchScreen.storyboard */; };
		C996D6CB1E26BBE4003E1F36 /* AdventureHeadlineTableViewCell.swift in Sources */ = {isa = PBXBuildFile; fileRef = C996D6CA1E26BBE4003E1F36 /* AdventureHeadlineTableViewCell.swift */; };
		C9AE74091E2446DC00DEF45B /* AdventuresTableViewController.swift in Sources */ = {isa = PBXBuildFile; fileRef = C9AE74081E2446DC00DEF45B /* AdventuresTableViewController.swift */; };
		C9AE740B1E2447CC00DEF45B /* AdventureHeadline.swift in Sources */ = {isa = PBXBuildFile; fileRef = C9AE740A1E2447CC00DEF45B /* AdventureHeadline.swift */; };
		C9AE740D1E245EB100DEF45B /* AdventureEditingViewController.swift in Sources */ = {isa = PBXBuildFile; fileRef = C9AE740C1E245EB100DEF45B /* AdventureEditingViewController.swift */; };
		C9AE740F1E24A06800DEF45B /* Adventure.swift in Sources */ = {isa = PBXBuildFile; fileRef = C9AE740E1E24A06800DEF45B /* Adventure.swift */; };
		C9C35C621E2584D600C57A57 /* Identifiers.swift in Sources */ = {isa = PBXBuildFile; fileRef = C9C35C611E2584D600C57A57 /* Identifiers.swift */; };
		C9C35C641E2600F900C57A57 /* EditWaypointViewController.swift in Sources */ = {isa = PBXBuildFile; fileRef = C9C35C631E2600F900C57A57 /* EditWaypointViewController.swift */; };
/* End PBXBuildFile section */

/* Begin PBXFileReference section */
		C96334301E21B77600583CE1 /* Spool.app */ = {isa = PBXFileReference; explicitFileType = wrapper.application; includeInIndex = 0; path = Spool.app; sourceTree = BUILT_PRODUCTS_DIR; };
		C96334331E21B77600583CE1 /* AppDelegate.swift */ = {isa = PBXFileReference; lastKnownFileType = sourcecode.swift; path = AppDelegate.swift; sourceTree = "<group>"; };
		C96334381E21B77600583CE1 /* Base */ = {isa = PBXFileReference; lastKnownFileType = file.storyboard; name = Base; path = Base.lproj/Main.storyboard; sourceTree = "<group>"; };
		C963343A1E21B77600583CE1 /* Assets.xcassets */ = {isa = PBXFileReference; lastKnownFileType = folder.assetcatalog; path = Assets.xcassets; sourceTree = "<group>"; };
		C963343D1E21B77600583CE1 /* Base */ = {isa = PBXFileReference; lastKnownFileType = file.storyboard; name = Base; path = Base.lproj/LaunchScreen.storyboard; sourceTree = "<group>"; };
		C963343F1E21B77600583CE1 /* Info.plist */ = {isa = PBXFileReference; lastKnownFileType = text.plist.xml; path = Info.plist; sourceTree = "<group>"; };
		C996D6CA1E26BBE4003E1F36 /* AdventureHeadlineTableViewCell.swift */ = {isa = PBXFileReference; fileEncoding = 4; lastKnownFileType = sourcecode.swift; path = AdventureHeadlineTableViewCell.swift; sourceTree = "<group>"; };
		C9AE74081E2446DC00DEF45B /* AdventuresTableViewController.swift */ = {isa = PBXFileReference; fileEncoding = 4; lastKnownFileType = sourcecode.swift; path = AdventuresTableViewController.swift; sourceTree = "<group>"; };
		C9AE740A1E2447CC00DEF45B /* AdventureHeadline.swift */ = {isa = PBXFileReference; fileEncoding = 4; lastKnownFileType = sourcecode.swift; path = AdventureHeadline.swift; sourceTree = "<group>"; };
		C9AE740C1E245EB100DEF45B /* AdventureEditingViewController.swift */ = {isa = PBXFileReference; fileEncoding = 4; lastKnownFileType = sourcecode.swift; path = AdventureEditingViewController.swift; sourceTree = "<group>"; };
		C9AE740E1E24A06800DEF45B /* Adventure.swift */ = {isa = PBXFileReference; fileEncoding = 4; lastKnownFileType = sourcecode.swift; path = Adventure.swift; sourceTree = "<group>"; };
		C9C35C611E2584D600C57A57 /* Identifiers.swift */ = {isa = PBXFileReference; fileEncoding = 4; lastKnownFileType = sourcecode.swift; path = Identifiers.swift; sourceTree = "<group>"; };
		C9C35C631E2600F900C57A57 /* EditWaypointViewController.swift */ = {isa = PBXFileReference; fileEncoding = 4; lastKnownFileType = sourcecode.swift; path = EditWaypointViewController.swift; sourceTree = "<group>"; };
/* End PBXFileReference section */

/* Begin PBXFrameworksBuildPhase section */
		C963342D1E21B77600583CE1 /* Frameworks */ = {
			isa = PBXFrameworksBuildPhase;
			buildActionMask = 2147483647;
			files = (
			);
			runOnlyForDeploymentPostprocessing = 0;
		};
/* End PBXFrameworksBuildPhase section */

/* Begin PBXGroup section */
		C96334271E21B77600583CE1 = {
			isa = PBXGroup;
			children = (
				C96334321E21B77600583CE1 /* Spool */,
				C96334311E21B77600583CE1 /* Products */,
			);
			sourceTree = "<group>";
		};
		C96334311E21B77600583CE1 /* Products */ = {
			isa = PBXGroup;
			children = (
				C96334301E21B77600583CE1 /* Spool.app */,
			);
			name = Products;
			sourceTree = "<group>";
		};
		C96334321E21B77600583CE1 /* Spool */ = {
			isa = PBXGroup;
			children = (
				C96334451E21B79600583CE1 /* Supporting Files */,
				C9AE74081E2446DC00DEF45B /* AdventuresTableViewController.swift */,
				C9AE740C1E245EB100DEF45B /* AdventureEditingViewController.swift */,
				C9AE740A1E2447CC00DEF45B /* AdventureHeadline.swift */,
				C96334371E21B77600583CE1 /* Main.storyboard */,
				C9C35C631E2600F900C57A57 /* EditWaypointViewController.swift */,
				C963343A1E21B77600583CE1 /* Assets.xcassets */,
				C9AE740E1E24A06800DEF45B /* Adventure.swift */,
				C9C35C611E2584D600C57A57 /* Identifiers.swift */,
				C996D6CA1E26BBE4003E1F36 /* AdventureHeadlineTableViewCell.swift */,
			);
			path = Spool;
			sourceTree = "<group>";
		};
		C96334451E21B79600583CE1 /* Supporting Files */ = {
			isa = PBXGroup;
			children = (
				C96334331E21B77600583CE1 /* AppDelegate.swift */,
				C963343C1E21B77600583CE1 /* LaunchScreen.storyboard */,
				C963343F1E21B77600583CE1 /* Info.plist */,
			);
			name = "Supporting Files";
			sourceTree = "<group>";
		};
/* End PBXGroup section */

/* Begin PBXNativeTarget section */
		C963342F1E21B77600583CE1 /* Spool */ = {
			isa = PBXNativeTarget;
			buildConfigurationList = C96334421E21B77600583CE1 /* Build configuration list for PBXNativeTarget "Spool" */;
			buildPhases = (
				C963342C1E21B77600583CE1 /* Sources */,
				C963342D1E21B77600583CE1 /* Frameworks */,
				C963342E1E21B77600583CE1 /* Resources */,
			);
			buildRules = (
			);
			dependencies = (
			);
			name = Spool;
			productName = Spool;
			productReference = C96334301E21B77600583CE1 /* Spool.app */;
			productType = "com.apple.product-type.application";
		};
/* End PBXNativeTarget section */

/* Begin PBXProject section */
		C96334281E21B77600583CE1 /* Project object */ = {
			isa = PBXProject;
			attributes = {
				LastSwiftUpdateCheck = 0820;
				LastUpgradeCheck = 0820;
				ORGANIZATIONNAME = "Matthew Slotkin";
				TargetAttributes = {
					C963342F1E21B77600583CE1 = {
						CreatedOnToolsVersion = 8.2.1;
						DevelopmentTeam = 3TPNUJ5HB3;
						ProvisioningStyle = Automatic;
					};
				};
			};
			buildConfigurationList = C963342B1E21B77600583CE1 /* Build configuration list for PBXProject "Spool" */;
			compatibilityVersion = "Xcode 3.2";
			developmentRegion = English;
			hasScannedForEncodings = 0;
			knownRegions = (
				en,
				Base,
			);
			mainGroup = C96334271E21B77600583CE1;
			productRefGroup = C96334311E21B77600583CE1 /* Products */;
			projectDirPath = "";
			projectRoot = "";
			targets = (
				C963342F1E21B77600583CE1 /* Spool */,
			);
		};
/* End PBXProject section */

/* Begin PBXResourcesBuildPhase section */
		C963342E1E21B77600583CE1 /* Resources */ = {
			isa = PBXResourcesBuildPhase;
			buildActionMask = 2147483647;
			files = (
				C963343E1E21B77600583CE1 /* LaunchScreen.storyboard in Resources */,
				C963343B1E21B77600583CE1 /* Assets.xcassets in Resources */,
				C96334391E21B77600583CE1 /* Main.storyboard in Resources */,
			);
			runOnlyForDeploymentPostprocessing = 0;
		};
/* End PBXResourcesBuildPhase section */

/* Begin PBXSourcesBuildPhase section */
		C963342C1E21B77600583CE1 /* Sources */ = {
			isa = PBXSourcesBuildPhase;
			buildActionMask = 2147483647;
			files = (
				C9AE740D1E245EB100DEF45B /* AdventureEditingViewController.swift in Sources */,
				C9AE74091E2446DC00DEF45B /* AdventuresTableViewController.swift in Sources */,
				C996D6CB1E26BBE4003E1F36 /* AdventureHeadlineTableViewCell.swift in Sources */,
				C9C35C641E2600F900C57A57 /* EditWaypointViewController.swift in Sources */,
				C96334341E21B77600583CE1 /* AppDelegate.swift in Sources */,
				C9AE740F1E24A06800DEF45B /* Adventure.swift in Sources */,
				C9C35C621E2584D600C57A57 /* Identifiers.swift in Sources */,
				C9AE740B1E2447CC00DEF45B /* AdventureHeadline.swift in Sources */,
			);
			runOnlyForDeploymentPostprocessing = 0;
		};
/* End PBXSourcesBuildPhase section */

/* Begin PBXVariantGroup section */
		C96334371E21B77600583CE1 /* Main.storyboard */ = {
			isa = PBXVariantGroup;
			children = (
				C96334381E21B77600583CE1 /* Base */,
			);
			name = Main.storyboard;
			sourceTree = "<group>";
		};
		C963343C1E21B77600583CE1 /* LaunchScreen.storyboard */ = {
			isa = PBXVariantGroup;
			children = (
				C963343D1E21B77600583CE1 /* Base */,
			);
			name = LaunchScreen.storyboard;
			sourceTree = "<group>";
		};
/* End PBXVariantGroup section */

/* Begin XCBuildConfiguration section */
		C96334401E21B77600583CE1 /* Debug */ = {
			isa = XCBuildConfiguration;
			buildSettings = {
				ALWAYS_SEARCH_USER_PATHS = NO;
				CLANG_ANALYZER_NONNULL = YES;
				CLANG_CXX_LANGUAGE_STANDARD = "gnu++0x";
				CLANG_CXX_LIBRARY = "libc++";
				CLANG_ENABLE_MODULES = YES;
				CLANG_ENABLE_OBJC_ARC = YES;
				CLANG_WARN_BOOL_CONVERSION = YES;
				CLANG_WARN_CONSTANT_CONVERSION = YES;
				CLANG_WARN_DIRECT_OBJC_ISA_USAGE = YES_ERROR;
				CLANG_WARN_DOCUMENTATION_COMMENTS = YES;
				CLANG_WARN_EMPTY_BODY = YES;
				CLANG_WARN_ENUM_CONVERSION = YES;
				CLANG_WARN_INFINITE_RECURSION = YES;
				CLANG_WARN_INT_CONVERSION = YES;
				CLANG_WARN_OBJC_ROOT_CLASS = YES_ERROR;
				CLANG_WARN_SUSPICIOUS_MOVE = YES;
				CLANG_WARN_UNREACHABLE_CODE = YES;
				CLANG_WARN__DUPLICATE_METHOD_MATCH = YES;
				"CODE_SIGN_IDENTITY[sdk=iphoneos*]" = "iPhone Developer";
				COPY_PHASE_STRIP = NO;
				DEBUG_INFORMATION_FORMAT = dwarf;
				ENABLE_STRICT_OBJC_MSGSEND = YES;
				ENABLE_TESTABILITY = YES;
				GCC_C_LANGUAGE_STANDARD = gnu99;
				GCC_DYNAMIC_NO_PIC = NO;
				GCC_NO_COMMON_BLOCKS = YES;
				GCC_OPTIMIZATION_LEVEL = 0;
				GCC_PREPROCESSOR_DEFINITIONS = (
					"DEBUG=1",
					"$(inherited)",
				);
				GCC_WARN_64_TO_32_BIT_CONVERSION = YES;
				GCC_WARN_ABOUT_RETURN_TYPE = YES_ERROR;
				GCC_WARN_UNDECLARED_SELECTOR = YES;
				GCC_WARN_UNINITIALIZED_AUTOS = YES_AGGRESSIVE;
				GCC_WARN_UNUSED_FUNCTION = YES;
				GCC_WARN_UNUSED_VARIABLE = YES;
				IPHONEOS_DEPLOYMENT_TARGET = 10.2;
				MTL_ENABLE_DEBUG_INFO = YES;
				ONLY_ACTIVE_ARCH = YES;
				SDKROOT = iphoneos;
				SWIFT_ACTIVE_COMPILATION_CONDITIONS = DEBUG;
				SWIFT_OPTIMIZATION_LEVEL = "-Onone";
				TARGETED_DEVICE_FAMILY = "1,2";
			};
			name = Debug;
		};
		C96334411E21B77600583CE1 /* Release */ = {
			isa = XCBuildConfiguration;
			buildSettings = {
				ALWAYS_SEARCH_USER_PATHS = NO;
				CLANG_ANALYZER_NONNULL = YES;
				CLANG_CXX_LANGUAGE_STANDARD = "gnu++0x";
				CLANG_CXX_LIBRARY = "libc++";
				CLANG_ENABLE_MODULES = YES;
				CLANG_ENABLE_OBJC_ARC = YES;
				CLANG_WARN_BOOL_CONVERSION = YES;
				CLANG_WARN_CONSTANT_CONVERSION = YES;
				CLANG_WARN_DIRECT_OBJC_ISA_USAGE = YES_ERROR;
				CLANG_WARN_DOCUMENTATION_COMMENTS = YES;
				CLANG_WARN_EMPTY_BODY = YES;
				CLANG_WARN_ENUM_CONVERSION = YES;
				CLANG_WARN_INFINITE_RECURSION = YES;
				CLANG_WARN_INT_CONVERSION = YES;
				CLANG_WARN_OBJC_ROOT_CLASS = YES_ERROR;
				CLANG_WARN_SUSPICIOUS_MOVE = YES;
				CLANG_WARN_UNREACHABLE_CODE = YES;
				CLANG_WARN__DUPLICATE_METHOD_MATCH = YES;
				"CODE_SIGN_IDENTITY[sdk=iphoneos*]" = "iPhone Developer";
				COPY_PHASE_STRIP = NO;
				DEBUG_INFORMATION_FORMAT = "dwarf-with-dsym";
				ENABLE_NS_ASSERTIONS = NO;
				ENABLE_STRICT_OBJC_MSGSEND = YES;
				GCC_C_LANGUAGE_STANDARD = gnu99;
				GCC_NO_COMMON_BLOCKS = YES;
				GCC_WARN_64_TO_32_BIT_CONVERSION = YES;
				GCC_WARN_ABOUT_RETURN_TYPE = YES_ERROR;
				GCC_WARN_UNDECLARED_SELECTOR = YES;
				GCC_WARN_UNINITIALIZED_AUTOS = YES_AGGRESSIVE;
				GCC_WARN_UNUSED_FUNCTION = YES;
				GCC_WARN_UNUSED_VARIABLE = YES;
				IPHONEOS_DEPLOYMENT_TARGET = 10.2;
				MTL_ENABLE_DEBUG_INFO = NO;
				SDKROOT = iphoneos;
				SWIFT_OPTIMIZATION_LEVEL = "-Owholemodule";
				TARGETED_DEVICE_FAMILY = "1,2";
				VALIDATE_PRODUCT = YES;
			};
			name = Release;
		};
		C96334431E21B77600583CE1 /* Debug */ = {
			isa = XCBuildConfiguration;
			buildSettings = {
				ASSETCATALOG_COMPILER_APPICON_NAME = AppIcon;
				DEVELOPMENT_TEAM = 3TPNUJ5HB3;
				INFOPLIST_FILE = Spool/Info.plist;
				LD_RUNPATH_SEARCH_PATHS = "$(inherited) @executable_path/Frameworks";
				PRODUCT_BUNDLE_IDENTIFIER = com.slotkin.matthew.hugo.Spool;
				PRODUCT_NAME = "$(TARGET_NAME)";
				SWIFT_VERSION = 3.0;
			};
			name = Debug;
		};
		C96334441E21B77600583CE1 /* Release */ = {
			isa = XCBuildConfiguration;
			buildSettings = {
				ASSETCATALOG_COMPILER_APPICON_NAME = AppIcon;
				DEVELOPMENT_TEAM = 3TPNUJ5HB3;
				INFOPLIST_FILE = Spool/Info.plist;
				LD_RUNPATH_SEARCH_PATHS = "$(inherited) @executable_path/Frameworks";
				PRODUCT_BUNDLE_IDENTIFIER = com.slotkin.matthew.hugo.Spool;
				PRODUCT_NAME = "$(TARGET_NAME)";
				SWIFT_VERSION = 3.0;
			};
			name = Release;
		};
/* End XCBuildConfiguration section */

/* Begin XCConfigurationList section */
		C963342B1E21B77600583CE1 /* Build configuration list for PBXProject "Spool" */ = {
			isa = XCConfigurationList;
			buildConfigurations = (
				C96334401E21B77600583CE1 /* Debug */,
				C96334411E21B77600583CE1 /* Release */,
			);
			defaultConfigurationIsVisible = 0;
			defaultConfigurationName = Release;
		};
		C96334421E21B77600583CE1 /* Build configuration list for PBXNativeTarget "Spool" */ = {
			isa = XCConfigurationList;
			buildConfigurations = (
				C96334431E21B77600583CE1 /* Debug */,
				C96334441E21B77600583CE1 /* Release */,
			);
			defaultConfigurationIsVisible = 0;
			defaultConfigurationName = Release;
		};
/* End XCConfigurationList section */
	};
	rootObject = C96334281E21B77600583CE1 /* Project object */;
}
